{
  "lockfileVersion": 2,
  "configVersion": 1,
  "workspaces": {
    "": {
      "name": "relaunch-schriftpool",
      "dependencies": {
        "@fontsource-variable/archivo": "5.3.0",
        "@fontsource-variable/atkinson-hyperlegible-next": "5.3.0",
        "@fontsource-variable/big-shoulders-display": "5.3.0",
        "@fontsource-variable/bricolage-grotesque": "5.3.0",
        "@fontsource-variable/familjen-grotesk": "5.3.0",
        "@fontsource-variable/fraunces": "5.3.0",
        "@fontsource-variable/gabarito": "5.3.0",
        "@fontsource-variable/hanken-grotesk": "5.3.0",
        "@fontsource-variable/ibm-plex-sans": "5.3.0",
        "@fontsource-variable/jetbrains-mono": "5.3.0",
        "@fontsource-variable/literata": "5.3.0",
        "@fontsource-variable/martian-mono": "5.3.0",
        "@fontsource-variable/newsreader": "5.3.0",
        "@fontsource-variable/onest": "5.3.1",
        "@fontsource-variable/public-sans": "5.3.0",
        "@fontsource-variable/recursive": "5.3.0",
        "@fontsource-variable/rethink-sans": "5.3.0",
        "@fontsource-variable/schibsted-grotesk": "5.3.0",
        "@fontsource-variable/source-serif-4": "5.3.0",
        "@fontsource/ibm-plex-mono": "5.3.0",
      },
    },
  },
  "packages": {
    "@fontsource-variable/archivo": ["@fontsource-variable/archivo@5.3.0", "", {}, "sha512-HogK8FJelrD1o7TlZlkIVtHgc20bO5PZRWE7mUeUTdMN055alznQV6/00J00IBeu8FQAH4s3zW9UJNvKExXf+g=="],

    "@fontsource-variable/atkinson-hyperlegible-next": ["@fontsource-variable/atkinson-hyperlegible-next@5.3.0", "", {}, "sha512-UnLzNUy1RWoLDfydAatP4NaRm99X/WbQEph7q/PymJnCFIOOwKOx3pBmp5ys8trO0dM+CKGuJgeZP9fAR4mQpA=="],

    "@fontsource-variable/big-shoulders-display": ["@fontsource-variable/big-shoulders-display@5.3.0", "", {}, "sha512-7k1REXMZFEa7gSWOURbmCJW5Gv9D0EbEFQgosZidM8Ob/qpPlK96vqyIzCTnNZ/C0XFZWxeKU53D3QdeHctYCA=="],

    "@fontsource-variable/bricolage-grotesque": ["@fontsource-variable/bricolage-grotesque@5.3.0", "", {}, "sha512-TLi9Q4hJjS2UvoTMRSS2nHu6c4R56lAw60NR9QYtVRCHn0XtsFpiEhNffZ8Glsoxu6wEEwLKBP8lb94J52PNBA=="],

    "@fontsource-variable/familjen-grotesk": ["@fontsource-variable/familjen-grotesk@5.3.0", "", {}, "sha512-R9W0xEZRIHUV658cuOGRMAIcqX1QJ8p5/W6Boooa6zAw1BAozU//mr8C0VNggSE26/VHPwj2XNyMAG6yUJmjxA=="],

    "@fontsource-variable/fraunces": ["@fontsource-variable/fraunces@5.3.0", "", {}, "sha512-9BYGySn4AHEJdgp9Z28tQ3X+laJMEOITXkQarZXeloWQZDq5oOvXJ3kDA8c7MGIfpogIaZfjrQBqmda8POOCKA=="],

    "@fontsource-variable/gabarito": ["@fontsource-variable/gabarito@5.3.0", "", {}, "sha512-p7ROuY70ufLI5/hVvdgo4iJo17Dz2OfQXgdkaeS0U/B2wMqNIPt+/2WWWaAzrUYvcrNquL7farT2MY/vVo2ENw=="],

    "@fontsource-variable/hanken-grotesk": ["@fontsource-variable/hanken-grotesk@5.3.0", "", {}, "sha512-DOd0FqL+3cH2dfNy0JtSq9tUfxBz5mLmHMjTU0DOr3E9Zo6wxuatCl53DIPNrSPgCsnuKyM739BTIG5glCLirw=="],

    "@fontsource-variable/ibm-plex-sans": ["@fontsource-variable/ibm-plex-sans@5.3.0", "", {}, "sha512-agG8tXFEo0hD9+J7npa4vbbWult52eMLVaQ6WQRlhs/iCAojrMAoejru85W9HTVXHfyUj96KM7gp/KGAS87XaQ=="],

    "@fontsource-variable/jetbrains-mono": ["@fontsource-variable/jetbrains-mono@5.3.0", "", {}, "sha512-F32xpS2NsGYoQi2ADSkKTgpJj7ozajsGgDJ8woTnqjmIB+dxDIqImjl4pXZVEExu8UFZ2ndhmX18EBS/hdz3Lw=="],

    "@fontsource-variable/literata": ["@fontsource-variable/literata@5.3.0", "", {}, "sha512-1Jw7xvOcoGyB83lxB2nG4bfNbqtX2/TTbdh9sHAOmU064SvmSdulDtA5RBu5JYWf64fdaKX7xU+z3GO1T2bCHA=="],

    "@fontsource-variable/martian-mono": ["@fontsource-variable/martian-mono@5.3.0", "", {}, "sha512-0wVODx9ILwNnaYC4XCuSaFRYtj1Prd89MRVaSuv2ng6zLiQkS4SepaWEPefs7vqCZS8sbEOA8jb/4F5KNMnGdg=="],

    "@fontsource-variable/newsreader": ["@fontsource-variable/newsreader@5.3.0", "", {}, "sha512-rrzYi43qMpbzwuFtf9OkWH8sxAPVPcQQQEwXpPtwaKYeJ8yVg5aLs5kawmo1f2Q1t1M38TLmEKCkGVDsYwgdFw=="],

    "@fontsource-variable/onest": ["@fontsource-variable/onest@5.3.1", "", {}, "sha512-xaaw6G4HDB2/RczsWLD/2bnib4ykmQlTlBUN3GOEOiyErilZukQWVJG95h9zwAy0i8KY+QzDa+COPfqhI72Acw=="],

    "@fontsource-variable/public-sans": ["@fontsource-variable/public-sans@5.3.0", "", {}, "sha512-AVfkmAt50BMXWpOO21FAntiJFKGX6xTc2dSL8dxtDteONe9IuRXJWGbs0EbG955vAMCq23ENeuopuW87cGWDSQ=="],

    "@fontsource-variable/recursive": ["@fontsource-variable/recursive@5.3.0", "", {}, "sha512-4B4/lWCVeZgdbpJdIIU1sOVO/ECjjM673ohuxvyQ6uCK41TPlGzKRNokKY84noUgGYnpwc//MW4k2KrOMY19jQ=="],

    "@fontsource-variable/rethink-sans": ["@fontsource-variable/rethink-sans@5.3.0", "", {}, "sha512-TxcGrNeylZZ3eL5WuNxvm1OLOMOrmYTRZcqMUoYhOfpcMgvE6PhssC6JGkPHhN93phU569RLD8cSykOjyHCuxg=="],

    "@fontsource-variable/schibsted-grotesk": ["@fontsource-variable/schibsted-grotesk@5.3.0", "", {}, "sha512-ndS6H/KICWANchlHF3q4UdZD+xrZ3Ji0rUobIuXlgvDUzDfqZDsVuXPXZb636nJZMHE9zZ9Fmwgqazm8hMB50Q=="],

    "@fontsource-variable/source-serif-4": ["@fontsource-variable/source-serif-4@5.3.0", "", {}, "sha512-9vch9WqxjaaA+1o9Ur8pOgIGbCYLjRReOUel23A6lOpD1syptgjtkORevvNmldJ5kGXQL29onQUqI5Ltz0s3bQ=="],

    "@fontsource/ibm-plex-mono": ["@fontsource/ibm-plex-mono@5.3.0", "", {}, "sha512-eTgnZjZEGk1QtD3ZstF+Vclo2HLAni8YMy34/DxllwZvyz1lR/1RF/xTiAquOBO7MvqBx8D2Ig2WCPMVfdZu7Q=="],
  }
}
